<?xml version="1.0" encoding="utf-8"?>
<Project ToolsVersion="4.0" xmlns="http://schemas.microsoft.com/developer/msbuild/2003">
  <ItemGroup>
    <Filter Include="stdio">
      <UniqueIdentifier>{627422ca-06fd-461d-bfc4-f5578c35be71}</UniqueIdentifier>
    </Filter>
    <Filter Include="stdlib">
      <UniqueIdentifier>{26699f82-cb18-4198-a5fd-0ab05b7307b4}</UniqueIdentifier>
      <Extensions>stdlib</Extensions>
    </Filter>
  </ItemGroup>
  <ItemGroup>
    <ClInclude Include="..\include\stdargcu.h" />
    <ClInclude Include="..\include\stddefcu.h" />
    <ClInclude Include="..\include\stdiocu.h" />
    <ClInclude Include="..\include\stdlibcu.h" />
    <ClInclude Include="..\include\stringcu.h" />
  </ItemGroup>
  <ItemGroup>
    <CudaCompile Include="libc.cu" />
  </ItemGroup>
</Project>