<?xml version="1.0" encoding="utf-8"?>
<Project ToolsVersion="4.0" xmlns="http://schemas.microsoft.com/developer/msbuild/2003">
  <ItemGroup>
    <ClCompile Include="StdioTest.cpp" />
    <ClCompile Include="StdlibTest.cpp" />
    <ClCompile Include="ctypeTest.cpp" />
    <ClCompile Include="errnoTest.cpp" />
    <ClCompile Include="stdargTest.cpp" />
    <ClCompile Include="stringTest.cpp" />
    <ClCompile Include="AssemblyInfo.cpp">
      <Filter>Properties</Filter>
    </ClCompile>
    <ClCompile Include="stdafx.cpp">
      <Filter>Properties</Filter>
    </ClCompile>
    <ClCompile Include="fallocTest.cpp" />
  </ItemGroup>
  <ItemGroup>
    <ClInclude Include="resource.h">
      <Filter>Properties</Filter>
    </ClInclude>
    <ClInclude Include="stdafx.h">
      <Filter>Properties</Filter>
    </ClInclude>
  </ItemGroup>
  <ItemGroup>
    <CudaCompile Include="StdioTest.cu" />
    <CudaCompile Include="StdlibTest.cu" />
    <CudaCompile Include="ctypeTest.cu" />
    <CudaCompile Include="errnoTest.cu" />
    <CudaCompile Include="stdargTest.cu" />
    <CudaCompile Include="stringTest.cu" />
    <CudaCompile Include="fallocTest.cu" />
  </ItemGroup>
  <ItemGroup>
    <Filter Include="Properties">
      <UniqueIdentifier>{0dfe3beb-5391-4684-93d2-77f059909555}</UniqueIdentifier>
    </Filter>
  </ItemGroup>
  <ItemGroup>
    <Image Include="app.ico">
      <Filter>Properties</Filter>
    </Image>
  </ItemGroup>
  <ItemGroup>
    <ResourceCompile Include="app.rc">
      <Filter>Properties</Filter>
    </ResourceCompile>
  </ItemGroup>
</Project>