<?xml version="1.0" encoding="utf-8"?>
<Project ToolsVersion="4.0" xmlns="http://schemas.microsoft.com/developer/msbuild/2003">
  <ItemGroup>
    <ClCompile Include="AssemblyInfo.cpp" />
    <ClCompile Include="stdafx.cpp" />
    <ClCompile Include="StdioTest.cpp" />
    <ClCompile Include="StdlibTest.cpp" />
    <ClCompile Include="ctypeTest.cpp" />
    <ClCompile Include="errnoTest.cpp" />
    <ClCompile Include="stdargTest.cpp" />
    <ClCompile Include="stringTest.cpp" />
  </ItemGroup>
  <ItemGroup>
    <ClInclude Include="resource.h" />
    <ClInclude Include="stdafx.h" />
  </ItemGroup>
  <ItemGroup>
    <Image Include="app.ico" />
  </ItemGroup>
  <ItemGroup>
    <ResourceCompile Include="app.rc" />
  </ItemGroup>
  <ItemGroup>
    <CudaCompile Include="StdioTest.cu" />
    <CudaCompile Include="StdlibTest.cu" />
    <CudaCompile Include="ctypeTest.cu" />
    <CudaCompile Include="errnoTest.cu" />
    <CudaCompile Include="stdargTest.cu" />
    <CudaCompile Include="stringTest.cu" />
    <CudaCompile Include="allTest.cu" />
  </ItemGroup>
</Project>