<?xml version="1.0" encoding="utf-8"?>
<Project ToolsVersion="4.0" xmlns="http://schemas.microsoft.com/developer/msbuild/2003">
  <ItemGroup>
    <CudaCompile Include="program.cu" />
    <CudaCompile Include="alter.cu" />
    <CudaCompile Include="attach.cu" />
    <CudaCompile Include="auth.cu" />
    <CudaCompile Include="backup.cu" />
    <CudaCompile Include="bitvec.cu" />
    <CudaCompile Include="btmutex.cu" />
    <CudaCompile Include="btree.cu" />
    <CudaCompile Include="build.cu" />
    <CudaCompile Include="callback.cu" />
    <CudaCompile Include="whereexpr.cu" />
    <CudaCompile Include="vdbemem.cu" />
    <CudaCompile Include="vdbesort.cu" />
    <CudaCompile Include="vdbetrace.cu" />
    <CudaCompile Include="vtab.cu" />
    <CudaCompile Include="wal.cu" />
    <CudaCompile Include="walker.cu" />
    <CudaCompile Include="where.cu" />
    <CudaCompile Include="wherecode.cu" />
    <CudaCompile Include="vdbeblob.cu" />
    <CudaCompile Include="status.cu" />
    <CudaCompile Include="table.cu" />
    <CudaCompile Include="threads.cu" />
    <CudaCompile Include="tokenize.cu" />
    <CudaCompile Include="treeview.cu" />
    <CudaCompile Include="trigger.cu" />
    <CudaCompile Include="update.cu" />
    <CudaCompile Include="utf.cu" />
    <CudaCompile Include="util.cu" />
    <CudaCompile Include="vacuum.cu" />
    <CudaCompile Include="vdbe.cu" />
    <CudaCompile Include="vdbeapi.cu" />
    <CudaCompile Include="vdbeaux.cu" />
    <CudaCompile Include="shell.cu" />
    <CudaCompile Include="random.cu" />
    <CudaCompile Include="resolve.cu" />
    <CudaCompile Include="rowset.cu" />
    <CudaCompile Include="select.cu" />
    <CudaCompile Include="printf.cu" />
    <CudaCompile Include="pcache.cu" />
    <CudaCompile Include="pcache1.cu" />
    <CudaCompile Include="pragma.cu" />
    <CudaCompile Include="prepare.cu" />
    <CudaCompile Include="pager.cu" />
    <CudaCompile Include="os.cu" />
    <CudaCompile Include="opcodes.cu" />
    <CudaCompile Include="notify.cu" />
    <CudaCompile Include="mutex_noop.cu" />
    <CudaCompile Include="mutex.cu" />
    <CudaCompile Include="loadext.cu" />
    <CudaCompile Include="main.cu" />
    <CudaCompile Include="malloc.cu" />
    <CudaCompile Include="mem0.cu" />
    <CudaCompile Include="mem1.cu" />
    <CudaCompile Include="mem2.cu" />
    <CudaCompile Include="mem3.cu" />
    <CudaCompile Include="mem5.cu" />
    <CudaCompile Include="memjournal.cu" />
    <CudaCompile Include="legacy.cu" />
    <CudaCompile Include="complete.cu" />
    <CudaCompile Include="ctime.cu" />
    <CudaCompile Include="date.cu" />
    <CudaCompile Include="dbstat.cu" />
    <CudaCompile Include="delete.cu" />
    <CudaCompile Include="expr.cu" />
    <CudaCompile Include="fault.cu" />
    <CudaCompile Include="fkey.cu" />
    <CudaCompile Include="func.cu" />
    <CudaCompile Include="global.cu" />
    <CudaCompile Include="hash.cu" />
    <CudaCompile Include="insert.cu" />
    <CudaCompile Include="json1.cu" />
  </ItemGroup>
  <ItemGroup>
    <ClInclude Include="libcu.h" />
    <ClInclude Include="sqliteInt.h" />
    <ClInclude Include="sqlite3.h" />
    <ClInclude Include="vdbeInt.h" />
    <ClInclude Include="btree.h" />
    <ClInclude Include="btreeInt.h" />
    <ClInclude Include="hash.h" />
    <ClInclude Include="keywordhash.h" />
    <ClInclude Include="msvc.h" />
    <ClInclude Include="mutex.h" />
    <ClInclude Include="opcodes.h" />
    <ClInclude Include="os.h" />
    <ClInclude Include="os_common.h" />
    <ClInclude Include="os_setup.h" />
    <ClInclude Include="os_win.h" />
    <ClInclude Include="pager.h" />
    <ClInclude Include="parse.h" />
    <ClInclude Include="pcache.h" />
    <ClInclude Include="pragma.h" />
    <ClInclude Include="rtree.h" />
    <ClInclude Include="sqlite3ext.h" />
    <ClInclude Include="sqliteLimit.h" />
    <ClInclude Include="vdbe.h" />
    <ClInclude Include="vxworks.h" />
    <ClInclude Include="wal.h" />
    <ClInclude Include="whereInt.h" />
  </ItemGroup>
  <ItemGroup>
    <ClCompile Include="parse.c" />
    <ClCompile Include="analyze.cpp" />
    <ClCompile Include="os_unix.c" />
    <ClCompile Include="mutex_w32.c" />
    <ClCompile Include="mutex_unix.c" />
    <ClCompile Include="os_win.c" />
  </ItemGroup>
</Project>