<?xml version="1.0" encoding="utf-8"?>
<Project ToolsVersion="4.0" xmlns="http://schemas.microsoft.com/developer/msbuild/2003">
  <ItemGroup>
    <CudaCompile Include="program.cu" />
  </ItemGroup>
  <ItemGroup>
    <ClInclude Include="libcu.h" />
    <ClInclude Include="sqliteInt.h" />
    <ClInclude Include="sqlite3.h" />
  </ItemGroup>
  <ItemGroup>
    <ClCompile Include="alter.cpp" />
    <ClCompile Include="analyze.cpp" />
    <ClCompile Include="attach.cpp" />
    <ClCompile Include="auth.cpp" />
    <ClCompile Include="backup.cpp" />
    <ClCompile Include="bitvec.cpp" />
    <ClCompile Include="btmutex.cpp" />
    <ClCompile Include="btree.cpp" />
    <ClCompile Include="build.cpp" />
    <ClCompile Include="callback.cpp" />
    <ClCompile Include="complete.cpp" />
    <ClCompile Include="ctime.cpp" />
    <ClCompile Include="date.cpp" />
    <ClCompile Include="dbstat.cpp" />
    <ClCompile Include="delete.cpp" />
    <ClCompile Include="expr.cpp" />
    <ClCompile Include="fkey.cpp" />
    <ClCompile Include="func.cpp" />
    <ClCompile Include="global.cpp" />
    <ClCompile Include="hash.cpp" />
    <ClCompile Include="insert.cpp" />
    <ClCompile Include="json1.cpp" />
    <ClCompile Include="loadext.cpp" />
    <ClCompile Include="main.cpp" />
    <ClCompile Include="malloc.cpp" />
    <ClCompile Include="mem0.cpp" />
    <ClCompile Include="mem1.cpp" />
    <ClCompile Include="mem2.cpp" />
    <ClCompile Include="mem3.cpp" />
    <ClCompile Include="mem5.cpp" />
    <ClCompile Include="memjournal.cpp" />
    <ClCompile Include="mutex.cpp" />
    <ClCompile Include="mutex_noop.cpp" />
    <ClCompile Include="notify.cpp" />
    <ClCompile Include="opcodes.cpp" />
    <ClCompile Include="os.cpp" />
    <ClCompile Include="pager.cpp" />
    <ClCompile Include="pcache.cpp" />
    <ClCompile Include="pcache1.cpp" />
    <ClCompile Include="pragma.cpp" />
    <ClCompile Include="prepare.cpp" />
    <ClCompile Include="printf.cpp" />
    <ClCompile Include="random.cpp" />
    <ClCompile Include="resolve.cpp" />
    <ClCompile Include="rowset.cpp" />
    <ClCompile Include="select.cpp" />
    <ClCompile Include="mutex_w32.cpp" />
    <ClCompile Include="mutex_unix.cpp" />
    <ClCompile Include="os_win.cpp" />
    <ClCompile Include="os_unix.cpp" />
    <ClCompile Include="parse.c" />
    <ClCompile Include="shell.cpp" />
    <ClCompile Include="status.cpp" />
    <ClCompile Include="table.cpp" />
    <ClCompile Include="threads.cpp" />
    <ClCompile Include="tokenize.cpp" />
    <ClCompile Include="treeview.cpp" />
    <ClCompile Include="trigger.cpp" />
    <ClCompile Include="update.cpp" />
    <ClCompile Include="utf.cpp" />
    <ClCompile Include="util.cpp" />
    <ClCompile Include="vacuum.cpp" />
    <ClCompile Include="vtab.cpp" />
    <ClCompile Include="wal.cpp" />
    <ClCompile Include="walker.cpp" />
    <ClCompile Include="where.cpp" />
    <ClCompile Include="wherecode.cpp" />
    <ClCompile Include="whereexpr.cpp" />
  </ItemGroup>
</Project>